
Microsoft Visual Studio Solution File, Format Version 12.00
# Visual Studio 15
VisualStudioVersion = 15.0.27428.2037
MinimumVisualStudioVersion = 10.0.40219.1
Project("{FAE04EC0-301F-11D3-BF4B-00C04F79EFBC}") = "Transaction File Processor", "Transaction File Processor\Transaction File Processor.csproj", "{D53DBD0D-7C21-4650-BD14-E888F95FD445}"
EndProject
Global
	GlobalSection(SolutionConfigurationPlatforms) = preSolution
		Debug|Any CPU = Debug|Any CPU
		Release|Any CPU = Release|Any CPU
	EndGlobalSection
	GlobalSection(ProjectConfigurationPlatforms) = postSolution
		{D53DBD0D-7C21-4650-BD14-E888F95FD445}.Debug|Any CPU.ActiveCfg = Debug|Any CPU
		{D53DBD0D-7C21-4650-BD14-E888F95FD445}.Debug|Any CPU.Build.0 = Debug|Any CPU
		{D53DBD0D-7C21-4650-BD14-E888F95FD445}.Release|Any CPU.ActiveCfg = Release|Any CPU
		{D53DBD0D-7C21-4650-BD14-E888F95FD445}.Release|Any CPU.Build.0 = Release|Any CPU
	EndGlobalSection
	GlobalSection(SolutionProperties) = preSolution
		HideSolutionNode = FALSE
	EndGlobalSection
	GlobalSection(ExtensibilityGlobals) = postSolution
		SolutionGuid = {55ACDFAD-E4DB-4C58-BAC3-1B914C802DDF}
	EndGlobalSection
EndGlobal
